
Microsoft Visual Studio Solution File, Format Version 11.00
# Visual Studio 2010
Project("{FAE04EC0-301F-11D3-BF4B-00C04F79EFBC}") = "MedTool", "MedTool\MedTool.csproj", "{83BEF190-1630-4C7D-BDF7-5D099F761F03}"
EndProject
Project("{FAE04EC0-301F-11D3-BF4B-00C04F79EFBC}") = "MedLib", "MedLib\MedLib.csproj", "{F863BBBD-48C5-4750-9036-20D04DEA5D83}"
EndProject
Project("{FAE04EC0-301F-11D3-BF4B-00C04F79EFBC}") = "MedBook", "MedBook\MedBook.csproj", "{5ED1B146-5D1C-4F9A-861D-4AFA83734541}"
EndProject
Project("{FAE04EC0-301F-11D3-BF4B-00C04F79EFBC}") = "MedCore", "MedCore\MedCore.csproj", "{B1674A22-06D1-4D72-8908-5FF7D91F73E8}"
EndProject
Project("{FAE04EC0-301F-11D3-BF4B-00C04F79EFBC}") = "client", "client\client.csproj", "{668D212E-17A3-4B23-A1EC-E4B57797C3A7}"
EndProject
Global
	GlobalSection(SolutionConfigurationPlatforms) = preSolution
		Debug|Any CPU = Debug|Any CPU
		Debug|Mixed Platforms = Debug|Mixed Platforms
		Debug|x86 = Debug|x86
		Release|Any CPU = Release|Any CPU
		Release|Mixed Platforms = Release|Mixed Platforms
		Release|x86 = Release|x86
	EndGlobalSection
	GlobalSection(ProjectConfigurationPlatforms) = postSolution
		{83BEF190-1630-4C7D-BDF7-5D099F761F03}.Debug|Any CPU.ActiveCfg = Debug|Any CPU
		{83BEF190-1630-4C7D-BDF7-5D099F761F03}.Debug|Any CPU.Build.0 = Debug|Any CPU
		{83BEF190-1630-4C7D-BDF7-5D099F761F03}.Debug|Mixed Platforms.ActiveCfg = Debug|Any CPU
		{83BEF190-1630-4C7D-BDF7-5D099F761F03}.Debug|Mixed Platforms.Build.0 = Debug|Any CPU
		{83BEF190-1630-4C7D-BDF7-5D099F761F03}.Debug|x86.ActiveCfg = Debug|Any CPU
		{83BEF190-1630-4C7D-BDF7-5D099F761F03}.Release|Any CPU.ActiveCfg = Release|Any CPU
		{83BEF190-1630-4C7D-BDF7-5D099F761F03}.Release|Any CPU.Build.0 = Release|Any CPU
		{83BEF190-1630-4C7D-BDF7-5D099F761F03}.Release|Mixed Platforms.ActiveCfg = Release|Any CPU
		{83BEF190-1630-4C7D-BDF7-5D099F761F03}.Release|Mixed Platforms.Build.0 = Release|Any CPU
		{83BEF190-1630-4C7D-BDF7-5D099F761F03}.Release|x86.ActiveCfg = Release|Any CPU
		{F863BBBD-48C5-4750-9036-20D04DEA5D83}.Debug|Any CPU.ActiveCfg = Debug|Any CPU
		{F863BBBD-48C5-4750-9036-20D04DEA5D83}.Debug|Any CPU.Build.0 = Debug|Any CPU
		{F863BBBD-48C5-4750-9036-20D04DEA5D83}.Debug|Mixed Platforms.ActiveCfg = Debug|Any CPU
		{F863BBBD-48C5-4750-9036-20D04DEA5D83}.Debug|Mixed Platforms.Build.0 = Debug|Any CPU
		{F863BBBD-48C5-4750-9036-20D04DEA5D83}.Debug|x86.ActiveCfg = Debug|Any CPU
		{F863BBBD-48C5-4750-9036-20D04DEA5D83}.Release|Any CPU.ActiveCfg = Release|Any CPU
		{F863BBBD-48C5-4750-9036-20D04DEA5D83}.Release|Any CPU.Build.0 = Release|Any CPU
		{F863BBBD-48C5-4750-9036-20D04DEA5D83}.Release|Mixed Platforms.ActiveCfg = Release|Any CPU
		{F863BBBD-48C5-4750-9036-20D04DEA5D83}.Release|Mixed Platforms.Build.0 = Release|Any CPU
		{F863BBBD-48C5-4750-9036-20D04DEA5D83}.Release|x86.ActiveCfg = Release|Any CPU
		{5ED1B146-5D1C-4F9A-861D-4AFA83734541}.Debug|Any CPU.ActiveCfg = Debug|Any CPU
		{5ED1B146-5D1C-4F9A-861D-4AFA83734541}.Debug|Any CPU.Build.0 = Debug|Any CPU
		{5ED1B146-5D1C-4F9A-861D-4AFA83734541}.Debug|Mixed Platforms.ActiveCfg = Debug|Any CPU
		{5ED1B146-5D1C-4F9A-861D-4AFA83734541}.Debug|Mixed Platforms.Build.0 = Debug|Any CPU
		{5ED1B146-5D1C-4F9A-861D-4AFA83734541}.Debug|x86.ActiveCfg = Debug|Any CPU
		{5ED1B146-5D1C-4F9A-861D-4AFA83734541}.Release|Any CPU.ActiveCfg = Release|Any CPU
		{5ED1B146-5D1C-4F9A-861D-4AFA83734541}.Release|Any CPU.Build.0 = Release|Any CPU
		{5ED1B146-5D1C-4F9A-861D-4AFA83734541}.Release|Mixed Platforms.ActiveCfg = Release|Any CPU
		{5ED1B146-5D1C-4F9A-861D-4AFA83734541}.Release|Mixed Platforms.Build.0 = Release|Any CPU
		{5ED1B146-5D1C-4F9A-861D-4AFA83734541}.Release|x86.ActiveCfg = Release|Any CPU
		{B1674A22-06D1-4D72-8908-5FF7D91F73E8}.Debug|Any CPU.ActiveCfg = Debug|x86
		{B1674A22-06D1-4D72-8908-5FF7D91F73E8}.Debug|Mixed Platforms.ActiveCfg = Debug|x86
		{B1674A22-06D1-4D72-8908-5FF7D91F73E8}.Debug|Mixed Platforms.Build.0 = Debug|x86
		{B1674A22-06D1-4D72-8908-5FF7D91F73E8}.Debug|x86.ActiveCfg = Debug|x86
		{B1674A22-06D1-4D72-8908-5FF7D91F73E8}.Debug|x86.Build.0 = Debug|x86
		{B1674A22-06D1-4D72-8908-5FF7D91F73E8}.Release|Any CPU.ActiveCfg = Release|x86
		{B1674A22-06D1-4D72-8908-5FF7D91F73E8}.Release|Mixed Platforms.ActiveCfg = Release|x86
		{B1674A22-06D1-4D72-8908-5FF7D91F73E8}.Release|Mixed Platforms.Build.0 = Release|x86
		{B1674A22-06D1-4D72-8908-5FF7D91F73E8}.Release|x86.ActiveCfg = Release|x86
		{B1674A22-06D1-4D72-8908-5FF7D91F73E8}.Release|x86.Build.0 = Release|x86
		{668D212E-17A3-4B23-A1EC-E4B57797C3A7}.Debug|Any CPU.ActiveCfg = Debug|x86
		{668D212E-17A3-4B23-A1EC-E4B57797C3A7}.Debug|Mixed Platforms.ActiveCfg = Debug|x86
		{668D212E-17A3-4B23-A1EC-E4B57797C3A7}.Debug|Mixed Platforms.Build.0 = Debug|x86
		{668D212E-17A3-4B23-A1EC-E4B57797C3A7}.Debug|x86.ActiveCfg = Debug|x86
		{668D212E-17A3-4B23-A1EC-E4B57797C3A7}.Debug|x86.Build.0 = Debug|x86
		{668D212E-17A3-4B23-A1EC-E4B57797C3A7}.Release|Any CPU.ActiveCfg = Release|x86
		{668D212E-17A3-4B23-A1EC-E4B57797C3A7}.Release|Mixed Platforms.ActiveCfg = Release|x86
		{668D212E-17A3-4B23-A1EC-E4B57797C3A7}.Release|Mixed Platforms.Build.0 = Release|x86
		{668D212E-17A3-4B23-A1EC-E4B57797C3A7}.Release|x86.ActiveCfg = Release|x86
		{668D212E-17A3-4B23-A1EC-E4B57797C3A7}.Release|x86.Build.0 = Release|x86
	EndGlobalSection
	GlobalSection(SolutionProperties) = preSolution
		HideSolutionNode = FALSE
	EndGlobalSection
EndGlobal
