
Microsoft Visual Studio Solution File, Format Version 11.00
# Visual Studio 2010
Project("{FAE04EC0-301F-11D3-BF4B-00C04F79EFBC}") = "client", "client\client.csproj", "{83BEF190-1630-4C7D-BDF7-5D099F761F03}"
EndProject
Project("{FAE04EC0-301F-11D3-BF4B-00C04F79EFBC}") = "admin", "admin\admin.csproj", "{5ED1B146-5D1C-4F9A-861D-4AFA83734541}"
EndProject
Project("{FAE04EC0-301F-11D3-BF4B-00C04F79EFBC}") = "his_cobaya", "his_cobaya\his_cobaya.csproj", "{CC777A34-9D3B-4364-8E30-7833235757A1}"
EndProject
Project("{FAE04EC0-301F-11D3-BF4B-00C04F79EFBC}") = "sql_cobaya", "sql_cobaya\sql_cobaya.csproj", "{A03D237B-973E-4148-81EE-0375963CDC97}"
EndProject
Project("{FAE04EC0-301F-11D3-BF4B-00C04F79EFBC}") = "serial_test", "serial_test\serial_test.csproj", "{8A386441-7674-44CF-AAA0-828FFC4265ED}"
EndProject
Global
	GlobalSection(SolutionConfigurationPlatforms) = preSolution
		Debug|Any CPU = Debug|Any CPU
		Debug|Mixed Platforms = Debug|Mixed Platforms
		Debug|x86 = Debug|x86
		Release|Any CPU = Release|Any CPU
		Release|Mixed Platforms = Release|Mixed Platforms
		Release|x86 = Release|x86
	EndGlobalSection
	GlobalSection(ProjectConfigurationPlatforms) = postSolution
		{83BEF190-1630-4C7D-BDF7-5D099F761F03}.Debug|Any CPU.ActiveCfg = Debug|Any CPU
		{83BEF190-1630-4C7D-BDF7-5D099F761F03}.Debug|Any CPU.Build.0 = Debug|Any CPU
		{83BEF190-1630-4C7D-BDF7-5D099F761F03}.Debug|Mixed Platforms.ActiveCfg = Debug|Any CPU
		{83BEF190-1630-4C7D-BDF7-5D099F761F03}.Debug|Mixed Platforms.Build.0 = Debug|Any CPU
		{83BEF190-1630-4C7D-BDF7-5D099F761F03}.Debug|x86.ActiveCfg = Debug|Any CPU
		{83BEF190-1630-4C7D-BDF7-5D099F761F03}.Release|Any CPU.ActiveCfg = Release|Any CPU
		{83BEF190-1630-4C7D-BDF7-5D099F761F03}.Release|Any CPU.Build.0 = Release|Any CPU
		{83BEF190-1630-4C7D-BDF7-5D099F761F03}.Release|Mixed Platforms.ActiveCfg = Release|Any CPU
		{83BEF190-1630-4C7D-BDF7-5D099F761F03}.Release|Mixed Platforms.Build.0 = Release|Any CPU
		{83BEF190-1630-4C7D-BDF7-5D099F761F03}.Release|x86.ActiveCfg = Release|Any CPU
		{5ED1B146-5D1C-4F9A-861D-4AFA83734541}.Debug|Any CPU.ActiveCfg = Debug|Any CPU
		{5ED1B146-5D1C-4F9A-861D-4AFA83734541}.Debug|Any CPU.Build.0 = Debug|Any CPU
		{5ED1B146-5D1C-4F9A-861D-4AFA83734541}.Debug|Mixed Platforms.ActiveCfg = Debug|Any CPU
		{5ED1B146-5D1C-4F9A-861D-4AFA83734541}.Debug|Mixed Platforms.Build.0 = Debug|Any CPU
		{5ED1B146-5D1C-4F9A-861D-4AFA83734541}.Debug|x86.ActiveCfg = Debug|Any CPU
		{5ED1B146-5D1C-4F9A-861D-4AFA83734541}.Release|Any CPU.ActiveCfg = Release|Any CPU
		{5ED1B146-5D1C-4F9A-861D-4AFA83734541}.Release|Any CPU.Build.0 = Release|Any CPU
		{5ED1B146-5D1C-4F9A-861D-4AFA83734541}.Release|Mixed Platforms.ActiveCfg = Release|Any CPU
		{5ED1B146-5D1C-4F9A-861D-4AFA83734541}.Release|Mixed Platforms.Build.0 = Release|Any CPU
		{5ED1B146-5D1C-4F9A-861D-4AFA83734541}.Release|x86.ActiveCfg = Release|Any CPU
		{CC777A34-9D3B-4364-8E30-7833235757A1}.Debug|Any CPU.ActiveCfg = Debug|x86
		{CC777A34-9D3B-4364-8E30-7833235757A1}.Debug|Mixed Platforms.ActiveCfg = Debug|x86
		{CC777A34-9D3B-4364-8E30-7833235757A1}.Debug|Mixed Platforms.Build.0 = Debug|x86
		{CC777A34-9D3B-4364-8E30-7833235757A1}.Debug|x86.ActiveCfg = Debug|x86
		{CC777A34-9D3B-4364-8E30-7833235757A1}.Debug|x86.Build.0 = Debug|x86
		{CC777A34-9D3B-4364-8E30-7833235757A1}.Release|Any CPU.ActiveCfg = Release|x86
		{CC777A34-9D3B-4364-8E30-7833235757A1}.Release|Mixed Platforms.ActiveCfg = Release|x86
		{CC777A34-9D3B-4364-8E30-7833235757A1}.Release|Mixed Platforms.Build.0 = Release|x86
		{CC777A34-9D3B-4364-8E30-7833235757A1}.Release|x86.ActiveCfg = Release|x86
		{CC777A34-9D3B-4364-8E30-7833235757A1}.Release|x86.Build.0 = Release|x86
		{A03D237B-973E-4148-81EE-0375963CDC97}.Debug|Any CPU.ActiveCfg = Debug|Any CPU
		{A03D237B-973E-4148-81EE-0375963CDC97}.Debug|Any CPU.Build.0 = Debug|Any CPU
		{A03D237B-973E-4148-81EE-0375963CDC97}.Debug|Any CPU.Deploy.0 = Debug|Any CPU
		{A03D237B-973E-4148-81EE-0375963CDC97}.Debug|Mixed Platforms.ActiveCfg = Debug|Any CPU
		{A03D237B-973E-4148-81EE-0375963CDC97}.Debug|Mixed Platforms.Build.0 = Debug|Any CPU
		{A03D237B-973E-4148-81EE-0375963CDC97}.Debug|Mixed Platforms.Deploy.0 = Debug|Any CPU
		{A03D237B-973E-4148-81EE-0375963CDC97}.Debug|x86.ActiveCfg = Debug|Any CPU
		{A03D237B-973E-4148-81EE-0375963CDC97}.Release|Any CPU.ActiveCfg = Release|Any CPU
		{A03D237B-973E-4148-81EE-0375963CDC97}.Release|Any CPU.Build.0 = Release|Any CPU
		{A03D237B-973E-4148-81EE-0375963CDC97}.Release|Any CPU.Deploy.0 = Release|Any CPU
		{A03D237B-973E-4148-81EE-0375963CDC97}.Release|Mixed Platforms.ActiveCfg = Release|Any CPU
		{A03D237B-973E-4148-81EE-0375963CDC97}.Release|Mixed Platforms.Build.0 = Release|Any CPU
		{A03D237B-973E-4148-81EE-0375963CDC97}.Release|Mixed Platforms.Deploy.0 = Release|Any CPU
		{A03D237B-973E-4148-81EE-0375963CDC97}.Release|x86.ActiveCfg = Release|Any CPU
		{8A386441-7674-44CF-AAA0-828FFC4265ED}.Debug|Any CPU.ActiveCfg = Debug|x86
		{8A386441-7674-44CF-AAA0-828FFC4265ED}.Debug|Mixed Platforms.ActiveCfg = Debug|x86
		{8A386441-7674-44CF-AAA0-828FFC4265ED}.Debug|Mixed Platforms.Build.0 = Debug|x86
		{8A386441-7674-44CF-AAA0-828FFC4265ED}.Debug|x86.ActiveCfg = Debug|x86
		{8A386441-7674-44CF-AAA0-828FFC4265ED}.Debug|x86.Build.0 = Debug|x86
		{8A386441-7674-44CF-AAA0-828FFC4265ED}.Release|Any CPU.ActiveCfg = Release|x86
		{8A386441-7674-44CF-AAA0-828FFC4265ED}.Release|Mixed Platforms.ActiveCfg = Release|x86
		{8A386441-7674-44CF-AAA0-828FFC4265ED}.Release|Mixed Platforms.Build.0 = Release|x86
		{8A386441-7674-44CF-AAA0-828FFC4265ED}.Release|x86.ActiveCfg = Release|x86
		{8A386441-7674-44CF-AAA0-828FFC4265ED}.Release|x86.Build.0 = Release|x86
	EndGlobalSection
	GlobalSection(SolutionProperties) = preSolution
		HideSolutionNode = FALSE
	EndGlobalSection
EndGlobal
